<Solution>
  <Configurations>
    <Platform Name="x64" />
    <Platform Name="x86" />
  </Configurations>
  <Project Path="Project1/Project1.vcxproj" Id="d5b052fd-d698-4a20-b717-486fa9da4b53" />
  <Project Path="WarmingUp2/WarmingUp2.vcxproj" Id="faa7a871-8c93-47ee-b047-8f5656892280" />
  <Project Path="WarmingUp3/WarmingUp3.vcxproj" Id="7a8c43a6-c122-45b7-9cb2-de7831a8fcca" />
  <Project Path="WarmingUp4/WarmingUp4.vcxproj" Id="18719593-f2a3-4cba-803c-7eaca5c2fa8e" />
  <Project Path="WarmingUp5/WarmingUp5.vcxproj" Id="c185e1d7-fa4f-484e-94fb-6eaccbe5cff6" />
  <Project Path="WarmingUp6/WarmingUp6.vcxproj" Id="688ebee1-1f06-44f6-b07e-820b5642c749" />
</Solution>
