<Solution>
  <Configurations>
    <Platform Name="x64" />
    <Platform Name="x86" />
  </Configurations>
  <Project Path="WinP4W_2_5/WinP4W_2_5.vcxproj" Id="845fad7d-87d0-43ba-b118-4a58931979bd" />
  <Project Path="WinP4W_2_6/WinP4W_2_6.vcxproj" Id="6f6cce0f-a88a-44fd-87c9-42e55e2336f6" />
  <Project Path="WinP4W_2_7/WinP4W_2_7.vcxproj" Id="a216b0fc-af9a-490c-a8cd-54c44fdc4ba2" />
  <Project Path="WinP4W_2_8/WinP4W_2_8.vcxproj" Id="a5c13c05-eb51-47c3-b9ad-33fcf5fb2486" />
  <Project Path="WinP4W_2_9/WinP4W_2_9.vcxproj" Id="1521ce7e-de17-4fed-81e8-c23720efc559" />
</Solution>
