<Solution>
  <Configurations>
    <Platform Name="x64" />
    <Platform Name="x86" />
  </Configurations>
  <Project Path="WinP9W/WinP9W.vcxproj" Id="8693e58c-6d88-43b2-90d5-19850407582e" />
  <Project Path="WinP9W_5_2/WinP9W_5_2.vcxproj" Id="ce7dc29b-810e-4245-94f8-3043da215d9b" />
  <Project Path="WinP9W_5_3/WinP9W_5_3.vcxproj" Id="d4fc5f8e-5289-4c5b-8134-c49e2088df32" />
  <Project Path="WinP9W_5_4/WinP9W_5_4.vcxproj" Id="cb53d7ec-ba33-40bd-85d3-24ecfc839829" />
</Solution>
